
Microsoft Visual Studio Solution File, Format Version 12.00
# Visual Studio Version 17
VisualStudioVersion = 17.0.32014.148
MinimumVisualStudioVersion = 10.0.40219.1
Project("{FAE04EC0-301F-11D3-BF4B-00C04F79EFBC}") = "PasswordValidator", "PasswordValidator\PasswordValidator.csproj", "{74F4AA30-8623-4396-972C-467823060630}"
EndProject
Global
	GlobalSection(SolutionConfigurationPlatforms) = preSolution
		Debug|Any CPU = Debug|Any CPU
		Release|Any CPU = Release|Any CPU
	EndGlobalSection
	GlobalSection(ProjectConfigurationPlatforms) = postSolution
		{74F4AA30-8623-4396-972C-467823060630}.Debug|Any CPU.ActiveCfg = Debug|Any CPU
		{74F4AA30-8623-4396-972C-467823060630}.Debug|Any CPU.Build.0 = Debug|Any CPU
		{74F4AA30-8623-4396-972C-467823060630}.Release|Any CPU.ActiveCfg = Release|Any CPU
		{74F4AA30-8623-4396-972C-467823060630}.Release|Any CPU.Build.0 = Release|Any CPU
	EndGlobalSection
	GlobalSection(SolutionProperties) = preSolution
		HideSolutionNode = FALSE
	EndGlobalSection
	GlobalSection(ExtensibilityGlobals) = postSolution
		SolutionGuid = {274419A7-D0D4-441C-8301-F00D14490AC5}
	EndGlobalSection
EndGlobal
